
Microsoft Visual Studio Solution File, Format Version 12.00
# Visual Studio Version 16
VisualStudioVersion = 16.0.31702.278
MinimumVisualStudioVersion = 10.0.40219.1
Project("{9A19103F-16F7-4668-BE54-9A1E7A4F7556}") = "Squash the Creeps (3D)- starter project", "Squash the Creeps (3D)- starter project.csproj", "{EC0DF8AF-9717-4DBD-BDEF-BA57147649D5}"
EndProject
Project("{FAE04EC0-301F-11D3-BF4B-00C04F79EFBC}") = "Debugging", "Debugging.csproj", "{AC1FDBA5-5364-494E-A050-A2C9077C5C12}"
EndProject
Global
	GlobalSection(SolutionConfigurationPlatforms) = preSolution
		Debug|Any CPU = Debug|Any CPU
		ExportDebug|Any CPU = ExportDebug|Any CPU
		ExportRelease|Any CPU = ExportRelease|Any CPU
	EndGlobalSection
	GlobalSection(ProjectConfigurationPlatforms) = postSolution
		{EC0DF8AF-9717-4DBD-BDEF-BA57147649D5}.Debug|Any CPU.ActiveCfg = Debug|Any CPU
		{EC0DF8AF-9717-4DBD-BDEF-BA57147649D5}.Debug|Any CPU.Build.0 = Debug|Any CPU
		{EC0DF8AF-9717-4DBD-BDEF-BA57147649D5}.ExportDebug|Any CPU.ActiveCfg = ExportDebug|Any CPU
		{EC0DF8AF-9717-4DBD-BDEF-BA57147649D5}.ExportDebug|Any CPU.Build.0 = ExportDebug|Any CPU
		{EC0DF8AF-9717-4DBD-BDEF-BA57147649D5}.ExportRelease|Any CPU.ActiveCfg = ExportRelease|Any CPU
		{EC0DF8AF-9717-4DBD-BDEF-BA57147649D5}.ExportRelease|Any CPU.Build.0 = ExportRelease|Any CPU
		{AC1FDBA5-5364-494E-A050-A2C9077C5C12}.Debug|Any CPU.ActiveCfg = Debug|Any CPU
		{AC1FDBA5-5364-494E-A050-A2C9077C5C12}.Debug|Any CPU.Build.0 = Debug|Any CPU
		{AC1FDBA5-5364-494E-A050-A2C9077C5C12}.ExportDebug|Any CPU.ActiveCfg = Debug|Any CPU
		{AC1FDBA5-5364-494E-A050-A2C9077C5C12}.ExportDebug|Any CPU.Build.0 = Debug|Any CPU
		{AC1FDBA5-5364-494E-A050-A2C9077C5C12}.ExportRelease|Any CPU.ActiveCfg = Debug|Any CPU
		{AC1FDBA5-5364-494E-A050-A2C9077C5C12}.ExportRelease|Any CPU.Build.0 = Debug|Any CPU
	EndGlobalSection
	GlobalSection(SolutionProperties) = preSolution
		HideSolutionNode = FALSE
	EndGlobalSection
	GlobalSection(ExtensibilityGlobals) = postSolution
		SolutionGuid = {2904093A-F310-43E0-B069-7BE4E634D5EA}
	EndGlobalSection
EndGlobal
